<?xml version="1.0" encoding="utf-8"?>
<Project ToolsVersion="4.0" xmlns="http://schemas.microsoft.com/developer/msbuild/2003">
  <ItemGroup>
    <Filter Include="소스 파일">
      <UniqueIdentifier>{4FC737F1-C7A5-4376-A066-2A32D752A2FF}</UniqueIdentifier>
      <Extensions>cpp;c;cc;cxx;c++;cppm;ixx;def;odl;idl;hpj;bat;asm;asmx</Extensions>
    </Filter>
    <Filter Include="헤더 파일">
      <UniqueIdentifier>{93995380-89BD-4b04-88EB-625FBE52EBFB}</UniqueIdentifier>
      <Extensions>h;hh;hpp;hxx;h++;hm;inl;inc;ipp;xsd</Extensions>
    </Filter>
    <Filter Include="리소스 파일">
      <UniqueIdentifier>{67DA6AB6-F800-4c08-8B7A-83BB121AAD01}</UniqueIdentifier>
      <Extensions>rc;ico;cur;bmp;dlg;rc2;rct;bin;rgs;gif;jpg;jpeg;jpe;resx;tiff;tif;png;wav;mfcribbon-ms</Extensions>
    </Filter>
    <Filter Include="소스 파일\HashTable">
      <UniqueIdentifier>{70d7d716-036c-4a63-86fd-b76ee7a2d306}</UniqueIdentifier>
    </Filter>
    <Filter Include="헤더 파일\HashTable">
      <UniqueIdentifier>{57393932-c578-4773-98e1-98d2edc99c1e}</UniqueIdentifier>
    </Filter>
  </ItemGroup>
  <ItemGroup>
    <ClInclude Include="Person.h">
      <Filter>헤더 파일\HashTable</Filter>
    </ClInclude>
    <ClInclude Include="Slot.h">
      <Filter>헤더 파일\HashTable</Filter>
    </ClInclude>
    <ClInclude Include="HashTable.h">
      <Filter>헤더 파일\HashTable</Filter>
    </ClInclude>
    <ClInclude Include="LinkedList1.h">
      <Filter>헤더 파일\HashTable</Filter>
    </ClInclude>
  </ItemGroup>
  <ItemGroup>
    <ClCompile Include="HashTable.cpp">
      <Filter>소스 파일\HashTable</Filter>
    </ClCompile>
    <ClCompile Include="HashTableMain.cpp">
      <Filter>소스 파일\HashTable</Filter>
    </ClCompile>
    <ClCompile Include="LinkedList1.cpp">
      <Filter>소스 파일\HashTable</Filter>
    </ClCompile>
  </ItemGroup>
</Project>